// !$*UTF8*$!
{
	archiveVersion = 1;
	classes = {
	};
	objectVersion = 46;
	objects = {

/* Begin PBXBuildFile section */
		772C67627863432C054DB5BA /* personagem.swift in Sources */ = {isa = PBXBuildFile; fileRef = 772C6025CD31B5C8FB7700EA /* personagem.swift */; };
		772C68D62F7DB26D5A1E0B9E /* bruxas.swift in Sources */ = {isa = PBXBuildFile; fileRef = 772C626A2F318DEC458616F4 /* bruxas.swift */; };
		772C68F8DDC1597B98DBEE44 /* dragoes.swift in Sources */ = {isa = PBXBuildFile; fileRef = 772C6A794B2D59F4307C2DA2 /* dragoes.swift */; };
		772C69EEF9C5140BD3B94858 /* orcs.swift in Sources */ = {isa = PBXBuildFile; fileRef = 772C6871696A4DC3E5FF994A /* orcs.swift */; };
		772C6F109AD7320D9F8830DA /* main.swift in Sources */ = {isa = PBXBuildFile; fileRef = 772C6DB8459C38425FD8DE26 /* main.swift */; };
/* End PBXBuildFile section */

/* Begin PBXCopyFilesBuildPhase section */
		772C6298833BFBCB179F43B4 /* CopyFiles */ = {
			isa = PBXCopyFilesBuildPhase;
			buildActionMask = 2147483647;
			dstPath = /usr/share/man/man1/;
			dstSubfolderSpec = 0;
			files = (
			);
			runOnlyForDeploymentPostprocessing = 1;
		};
/* End PBXCopyFilesBuildPhase section */

/* Begin PBXFileReference section */
		772C6025CD31B5C8FB7700EA /* personagem.swift */ = {isa = PBXFileReference; fileEncoding = 4; lastKnownFileType = sourcecode.swift; path = personagem.swift; sourceTree = "<group>"; };
		772C626A2F318DEC458616F4 /* bruxas.swift */ = {isa = PBXFileReference; fileEncoding = 4; lastKnownFileType = sourcecode.swift; path = bruxas.swift; sourceTree = "<group>"; };
		772C6871696A4DC3E5FF994A /* orcs.swift */ = {isa = PBXFileReference; fileEncoding = 4; lastKnownFileType = sourcecode.swift; path = orcs.swift; sourceTree = "<group>"; };
		772C6A794B2D59F4307C2DA2 /* dragoes.swift */ = {isa = PBXFileReference; fileEncoding = 4; lastKnownFileType = sourcecode.swift; path = dragoes.swift; sourceTree = "<group>"; };
		772C6AE39B0158A24D670578 /* personagensMMO */ = {isa = PBXFileReference; explicitFileType = "compiled.mach-o.executable"; includeInIndex = 0; path = personagensMMO; sourceTree = BUILT_PRODUCTS_DIR; };
		772C6DB8459C38425FD8DE26 /* main.swift */ = {isa = PBXFileReference; lastKnownFileType = sourcecode.swift; path = main.swift; sourceTree = "<group>"; };
/* End PBXFileReference section */

/* Begin PBXFrameworksBuildPhase section */
		772C6252C110D50D364EEE1E /* Frameworks */ = {
			isa = PBXFrameworksBuildPhase;
			buildActionMask = 2147483647;
			files = (
			);
			runOnlyForDeploymentPostprocessing = 0;
		};
/* End PBXFrameworksBuildPhase section */

/* Begin PBXGroup section */
		772C61BDD6CE535123D5259E /* Products */ = {
			isa = PBXGroup;
			children = (
				772C6AE39B0158A24D670578 /* personagensMMO */,
			);
			name = Products;
			sourceTree = "<group>";
		};
		772C635B3384EBFFE5383A7F = {
			isa = PBXGroup;
			children = (
				772C61BDD6CE535123D5259E /* Products */,
				772C6AA860E91A8007776B32 /* personagensMMO */,
			);
			sourceTree = "<group>";
		};
		772C6AA860E91A8007776B32 /* personagensMMO */ = {
			isa = PBXGroup;
			children = (
				772C6DB8459C38425FD8DE26 /* main.swift */,
				772C6025CD31B5C8FB7700EA /* personagem.swift */,
				772C6871696A4DC3E5FF994A /* orcs.swift */,
				772C626A2F318DEC458616F4 /* bruxas.swift */,
				772C6A794B2D59F4307C2DA2 /* dragoes.swift */,
			);
			path = personagensMMO;
			sourceTree = "<group>";
		};
/* End PBXGroup section */

/* Begin PBXNativeTarget section */
		772C6B7492386D4FF29E0A02 /* personagensMMO */ = {
			isa = PBXNativeTarget;
			buildConfigurationList = 772C6F1BF1569C505E4F3B5B /* Build configuration list for PBXNativeTarget "personagensMMO" */;
			buildPhases = (
				772C6EC7916741628FAA4572 /* Sources */,
				772C6252C110D50D364EEE1E /* Frameworks */,
				772C6298833BFBCB179F43B4 /* CopyFiles */,
			);
			buildRules = (
			);
			dependencies = (
			);
			name = personagensMMO;
			productName = personagensMMO;
			productReference = 772C6AE39B0158A24D670578 /* personagensMMO */;
			productType = "com.apple.product-type.tool";
		};
/* End PBXNativeTarget section */

/* Begin PBXProject section */
		772C6C637C6DACC49937A7EF /* Project object */ = {
			isa = PBXProject;
			buildConfigurationList = 772C6EF08D0A44764C5E53AE /* Build configuration list for PBXProject "personagensMMO" */;
			compatibilityVersion = "Xcode 3.2";
			developmentRegion = English;
			hasScannedForEncodings = 0;
			knownRegions = (
				en,
			);
			mainGroup = 772C635B3384EBFFE5383A7F;
			productRefGroup = 772C61BDD6CE535123D5259E /* Products */;
			projectDirPath = "";
			projectRoot = "";
			targets = (
				772C6B7492386D4FF29E0A02 /* personagensMMO */,
			);
		};
/* End PBXProject section */

/* Begin PBXSourcesBuildPhase section */
		772C6EC7916741628FAA4572 /* Sources */ = {
			isa = PBXSourcesBuildPhase;
			buildActionMask = 2147483647;
			files = (
				772C6F109AD7320D9F8830DA /* main.swift in Sources */,
				772C67627863432C054DB5BA /* personagem.swift in Sources */,
				772C69EEF9C5140BD3B94858 /* orcs.swift in Sources */,
				772C68D62F7DB26D5A1E0B9E /* bruxas.swift in Sources */,
				772C68F8DDC1597B98DBEE44 /* dragoes.swift in Sources */,
			);
			runOnlyForDeploymentPostprocessing = 0;
		};
/* End PBXSourcesBuildPhase section */

/* Begin XCBuildConfiguration section */
		772C62297D25A273B95BE7FB /* Debug */ = {
			isa = XCBuildConfiguration;
			buildSettings = {
				ALWAYS_SEARCH_USER_PATHS = NO;
				CLANG_ANALYZER_NONNULL = YES;
				CLANG_ANALYZER_NUMBER_OBJECT_CONVERSION = YES_AGGRESSIVE;
				CLANG_CXX_LANGUAGE_STANDARD = "gnu++20";
				CLANG_ENABLE_MODULES = YES;
				CLANG_ENABLE_OBJC_ARC = YES;
				CLANG_ENABLE_OBJC_WEAK = YES;
				CLANG_WARN_BLOCK_CAPTURE_AUTORELEASING = YES;
				CLANG_WARN_BOOL_CONVERSION = YES;
				CLANG_WARN_COMMA = YES;
				CLANG_WARN_CONSTANT_CONVERSION = YES;
				CLANG_WARN_DEPRECATED_OBJC_IMPLEMENTATIONS = YES;
				CLANG_WARN_DIRECT_OBJC_ISA_USAGE = YES_ERROR;
				CLANG_WARN_DOCUMENTATION_COMMENTS = YES;
				CLANG_WARN_EMPTY_BODY = YES;
				CLANG_WARN_ENUM_CONVERSION = YES;
				CLANG_WARN_INFINITE_RECURSION = YES;
				CLANG_WARN_INT_CONVERSION = YES;
				CLANG_WARN_NON_LITERAL_NULL_CONVERSION = YES;
				CLANG_WARN_OBJC_IMPLICIT_RETAIN_SELF = YES;
				CLANG_WARN_OBJC_LITERAL_CONVERSION = YES;
				CLANG_WARN_OBJC_ROOT_CLASS = YES_ERROR;
				CLANG_WARN_QUOTED_INCLUDE_IN_FRAMEWORK_HEADER = YES;
				CLANG_WARN_RANGE_LOOP_ANALYSIS = YES;
				CLANG_WARN_STRICT_PROTOTYPES = YES;
				CLANG_WARN_SUSPICIOUS_MOVE = YES;
				CLANG_WARN_UNGUARDED_AVAILABILITY = YES_AGGRESSIVE;
				CLANG_WARN_UNREACHABLE_CODE = YES;
				CLANG_WARN__DUPLICATE_METHOD_MATCH = YES;
				COPY_PHASE_STRIP = NO;
				DEBUG_INFORMATION_FORMAT = dwarf;
				ENABLE_STRICT_OBJC_MSGSEND = YES;
				ENABLE_TESTABILITY = YES;
				GCC_C_LANGUAGE_STANDARD = gnu11;
				GCC_DYNAMIC_NO_PIC = NO;
				GCC_NO_COMMON_BLOCKS = YES;
				GCC_OPTIMIZATION_LEVEL = 0;
				GCC_PREPROCESSOR_DEFINITIONS = (
					"DEBUG=1",
					"$(inherited)",
				);
				GCC_WARN_64_TO_32_BIT_CONVERSION = YES;
				GCC_WARN_ABOUT_RETURN_TYPE = YES_ERROR;
				GCC_WARN_UNDECLARED_SELECTOR = YES;
				GCC_WARN_UNINITIALIZED_AUTOS = YES_AGGRESSIVE;
				GCC_WARN_UNUSED_FUNCTION = YES;
				GCC_WARN_UNUSED_VARIABLE = YES;
				MACOSX_DEPLOYMENT_TARGET = 12.5;
				MTL_ENABLE_DEBUG_INFO = INCLUDE_SOURCE;
				MTL_FAST_MATH = YES;
				ONLY_ACTIVE_ARCH = YES;
				SDKROOT = macosx;
				SWIFT_ACTIVE_COMPILATION_CONDITIONS = DEBUG;
				SWIFT_OPTIMIZATION_LEVEL = "-Onone";
			};
			name = Debug;
		};
		772C646B8F7905E046B674BE /* Debug */ = {
			isa = XCBuildConfiguration;
			buildSettings = {
				PRODUCT_NAME = "$(TARGET_NAME)";
				SWIFT_VERSION = 5.0;
			};
			name = Debug;
		};
		772C65FD6F7F553496A206BC /* Release */ = {
			isa = XCBuildConfiguration;
			buildSettings = {
				PRODUCT_NAME = "$(TARGET_NAME)";
				SWIFT_VERSION = 5.0;
			};
			name = Release;
		};
		772C6D530EB8E9B4FF4EBEE1 /* Release */ = {
			isa = XCBuildConfiguration;
			buildSettings = {
				ALWAYS_SEARCH_USER_PATHS = NO;
				CLANG_ANALYZER_NONNULL = YES;
				CLANG_ANALYZER_NUMBER_OBJECT_CONVERSION = YES_AGGRESSIVE;
				CLANG_CXX_LANGUAGE_STANDARD = "gnu++20";
				CLANG_ENABLE_MODULES = YES;
				CLANG_ENABLE_OBJC_ARC = YES;
				CLANG_ENABLE_OBJC_WEAK = YES;
				CLANG_WARN_BLOCK_CAPTURE_AUTORELEASING = YES;
				CLANG_WARN_BOOL_CONVERSION = YES;
				CLANG_WARN_COMMA = YES;
				CLANG_WARN_CONSTANT_CONVERSION = YES;
				CLANG_WARN_DEPRECATED_OBJC_IMPLEMENTATIONS = YES;
				CLANG_WARN_DIRECT_OBJC_ISA_USAGE = YES_ERROR;
				CLANG_WARN_DOCUMENTATION_COMMENTS = YES;
				CLANG_WARN_EMPTY_BODY = YES;
				CLANG_WARN_ENUM_CONVERSION = YES;
				CLANG_WARN_INFINITE_RECURSION = YES;
				CLANG_WARN_INT_CONVERSION = YES;
				CLANG_WARN_NON_LITERAL_NULL_CONVERSION = YES;
				CLANG_WARN_OBJC_IMPLICIT_RETAIN_SELF = YES;
				CLANG_WARN_OBJC_LITERAL_CONVERSION = YES;
				CLANG_WARN_OBJC_ROOT_CLASS = YES_ERROR;
				CLANG_WARN_QUOTED_INCLUDE_IN_FRAMEWORK_HEADER = YES;
				CLANG_WARN_RANGE_LOOP_ANALYSIS = YES;
				CLANG_WARN_STRICT_PROTOTYPES = YES;
				CLANG_WARN_SUSPICIOUS_MOVE = YES;
				CLANG_WARN_UNGUARDED_AVAILABILITY = YES_AGGRESSIVE;
				CLANG_WARN_UNREACHABLE_CODE = YES;
				CLANG_WARN__DUPLICATE_METHOD_MATCH = YES;
				COPY_PHASE_STRIP = NO;
				DEBUG_INFORMATION_FORMAT = "dwarf-with-dsym";
				ENABLE_NS_ASSERTIONS = NO;
				ENABLE_STRICT_OBJC_MSGSEND = YES;
				GCC_C_LANGUAGE_STANDARD = gnu11;
				GCC_NO_COMMON_BLOCKS = YES;
				GCC_WARN_64_TO_32_BIT_CONVERSION = YES;
				GCC_WARN_ABOUT_RETURN_TYPE = YES_ERROR;
				GCC_WARN_UNDECLARED_SELECTOR = YES;
				GCC_WARN_UNINITIALIZED_AUTOS = YES_AGGRESSIVE;
				GCC_WARN_UNUSED_FUNCTION = YES;
				GCC_WARN_UNUSED_VARIABLE = YES;
				MACOSX_DEPLOYMENT_TARGET = 12.5;
				MTL_ENABLE_DEBUG_INFO = NO;
				MTL_FAST_MATH = YES;
				SDKROOT = macosx;
				SWIFT_COMPILATION_MODE = wholemodule;
				SWIFT_OPTIMIZATION_LEVEL = "-O";
			};
			name = Release;
		};
/* End XCBuildConfiguration section */

/* Begin XCConfigurationList section */
		772C6EF08D0A44764C5E53AE /* Build configuration list for PBXProject "personagensMMO" */ = {
			isa = XCConfigurationList;
			buildConfigurations = (
				772C62297D25A273B95BE7FB /* Debug */,
				772C6D530EB8E9B4FF4EBEE1 /* Release */,
			);
			defaultConfigurationIsVisible = 0;
			defaultConfigurationName = Release;
		};
		772C6F1BF1569C505E4F3B5B /* Build configuration list for PBXNativeTarget "personagensMMO" */ = {
			isa = XCConfigurationList;
			buildConfigurations = (
				772C646B8F7905E046B674BE /* Debug */,
				772C65FD6F7F553496A206BC /* Release */,
			);
			defaultConfigurationIsVisible = 0;
		};
/* End XCConfigurationList section */
	};
	rootObject = 772C6C637C6DACC49937A7EF /* Project object */;
}
